
Microsoft Visual Studio Solution File, Format Version 12.00
# Visual Studio 15
VisualStudioVersion = 15.0.27130.2027
MinimumVisualStudioVersion = 10.0.40219.1
Project("{888888A0-9F3D-457C-B088-3A5042F75D52}") = "CHM1.3", "CHM1.3\CHM1.3.pyproj", "{E422D9BB-3230-41F3-8E20-C12B8FAD49F8}"
EndProject
Global
	GlobalSection(SolutionConfigurationPlatforms) = preSolution
		Debug|Any CPU = Debug|Any CPU
		Release|Any CPU = Release|Any CPU
	EndGlobalSection
	GlobalSection(ProjectConfigurationPlatforms) = postSolution
		{E422D9BB-3230-41F3-8E20-C12B8FAD49F8}.Debug|Any CPU.ActiveCfg = Debug|Any CPU
		{E422D9BB-3230-41F3-8E20-C12B8FAD49F8}.Release|Any CPU.ActiveCfg = Release|Any CPU
	EndGlobalSection
	GlobalSection(SolutionProperties) = preSolution
		HideSolutionNode = FALSE
	EndGlobalSection
	GlobalSection(ExtensibilityGlobals) = postSolution
		SolutionGuid = {EA6ADDA0-CC9E-4355-B516-286799853543}
	EndGlobalSection
EndGlobal
