
Microsoft Visual Studio Solution File, Format Version 12.00
# Visual Studio 15
VisualStudioVersion = 15.0.27130.2027
MinimumVisualStudioVersion = 10.0.40219.1
Project("{888888A0-9F3D-457C-B088-3A5042F75D52}") = "CHM3.5", "CHM3.5\CHM3.5.pyproj", "{EB49CE61-CD53-40B8-ACC8-8BA90F6DB4BD}"
EndProject
Global
	GlobalSection(SolutionConfigurationPlatforms) = preSolution
		Debug|Any CPU = Debug|Any CPU
		Release|Any CPU = Release|Any CPU
	EndGlobalSection
	GlobalSection(ProjectConfigurationPlatforms) = postSolution
		{EB49CE61-CD53-40B8-ACC8-8BA90F6DB4BD}.Debug|Any CPU.ActiveCfg = Debug|Any CPU
		{EB49CE61-CD53-40B8-ACC8-8BA90F6DB4BD}.Release|Any CPU.ActiveCfg = Release|Any CPU
	EndGlobalSection
	GlobalSection(SolutionProperties) = preSolution
		HideSolutionNode = FALSE
	EndGlobalSection
	GlobalSection(ExtensibilityGlobals) = postSolution
		SolutionGuid = {5DFDC2A7-1BD3-466F-829B-A2DC3F58B45B}
	EndGlobalSection
EndGlobal
